{
  "version": 4,
  "terraform_version": "1.13.3",
  "serial": 2,
  "lineage": "09c1516f-7878-cbf3-ca66-b16178508188",
  "outputs": {
    "vpcid": {
      "value": "vpc-0633b09e927b1c50d",
      "type": "string"
    }
  },
  "resources": [
    {
      "mode": "managed",
      "type": "aws_vpc",
      "name": "myvpc",
      "provider": "provider[\"registry.terraform.io/hashicorp/aws\"]",
      "instances": [
        {
          "schema_version": 1,
          "attributes": {
            "arn": "arn:aws:ec2:eu-central-1:552537893479:vpc/vpc-0633b09e927b1c50d",
            "assign_generated_ipv6_cidr_block": false,
            "cidr_block": "10.0.0.0/16",
            "default_network_acl_id": "acl-03938c902c2cf7dd0",
            "default_route_table_id": "rtb-089bc76160e218022",
            "default_security_group_id": "sg-096c819e5ce4e8779",
            "dhcp_options_id": "dopt-04463c77774661c18",
            "enable_dns_hostnames": false,
            "enable_dns_support": true,
            "enable_network_address_usage_metrics": false,
            "id": "vpc-0633b09e927b1c50d",
            "instance_tenancy": "default",
            "ipv4_ipam_pool_id": null,
            "ipv4_netmask_length": null,
            "ipv6_association_id": "",
            "ipv6_cidr_block": "",
            "ipv6_cidr_block_network_border_group": "",
            "ipv6_ipam_pool_id": "",
            "ipv6_netmask_length": 0,
            "main_route_table_id": "rtb-089bc76160e218022",
            "owner_id": "552537893479",
            "region": "eu-central-1",
            "tags": {
              "Name": "yes"
            },
            "tags_all": {
              "Name": "yes"
            }
          },
          "sensitive_attributes": [],
          "identity_schema_version": 0,
          "private": "eyJzY2hlbWFfdmVyc2lvbiI6IjEifQ=="
        }
      ]
    }
  ],
  "check_results": null
}
